PODS:
  - FBSnapshotTestCase (2.1.4):
    - FBSnapshotTestCase/SwiftSupport (= 2.1.4)
  - FBSnapshotTestCase/Core (2.1.4)
  - FBSnapshotTestCase/SwiftSupport (2.1.4):
    - FBSnapshotTestCase/Core
  - XSJZjhTestNetworking (0.1.0)

DEPENDENCIES:
  - FBSnapshotTestCase (~> 2.1.4)
  - XSJZjhTestNetworking (from `../`)

SPEC REPOS:
  trunk:
    - FBSnapshotTestCase

EXTERNAL SOURCES:
  XSJZjhTestNetworking:
    :path: "../"

SPEC CHECKSUMS:
  FBSnapshotTestCase: 094f9f314decbabe373b87cc339bea235a63e07a
  XSJZjhTestNetworking: 392bf08b270bbd2aab55ac37e63de56484d01f0e

PODFILE CHECKSUM: 8442a5eb97fe2482039b397cf61a37d4f3227031

COCOAPODS: 1.11.2
